
Microsoft Visual Studio Solution File, Format Version 12.00
# Visual Studio Version 16
VisualStudioVersion = 16.0.29509.3
MinimumVisualStudioVersion = 15.0.26124.0
Project("{9A19103F-16F7-4668-BE54-9A1E7A4F7556}") = "VRPOptimizer", "VRPOptimizer\VRPOptimizer.csproj", "{611BA799-FE4F-4119-A06C-BDAF150D24E8}"
EndProject
Project("{9A19103F-16F7-4668-BE54-9A1E7A4F7556}") = "VRPOptimizer.Test", "VRPOptimizer.Test\VRPOptimizer.Test.csproj", "{6A46B9F4-AA2C-4E90-B412-BE4C2D3DA287}"
EndProject
Global
	GlobalSection(SolutionConfigurationPlatforms) = preSolution
		Debug|Any CPU = Debug|Any CPU
		Debug|x64 = Debug|x64
		Debug|x86 = Debug|x86
		Release|Any CPU = Release|Any CPU
		Release|x64 = Release|x64
		Release|x86 = Release|x86
	EndGlobalSection
	GlobalSection(ProjectConfigurationPlatforms) = postSolution
		{611BA799-FE4F-4119-A06C-BDAF150D24E8}.Debug|Any CPU.ActiveCfg = Debug|Any CPU
		{611BA799-FE4F-4119-A06C-BDAF150D24E8}.Debug|Any CPU.Build.0 = Debug|Any CPU
		{611BA799-FE4F-4119-A06C-BDAF150D24E8}.Debug|x64.ActiveCfg = Debug|Any CPU
		{611BA799-FE4F-4119-A06C-BDAF150D24E8}.Debug|x64.Build.0 = Debug|Any CPU
		{611BA799-FE4F-4119-A06C-BDAF150D24E8}.Debug|x86.ActiveCfg = Debug|Any CPU
		{611BA799-FE4F-4119-A06C-BDAF150D24E8}.Debug|x86.Build.0 = Debug|Any CPU
		{611BA799-FE4F-4119-A06C-BDAF150D24E8}.Release|Any CPU.ActiveCfg = Release|Any CPU
		{611BA799-FE4F-4119-A06C-BDAF150D24E8}.Release|Any CPU.Build.0 = Release|Any CPU
		{611BA799-FE4F-4119-A06C-BDAF150D24E8}.Release|x64.ActiveCfg = Release|Any CPU
		{611BA799-FE4F-4119-A06C-BDAF150D24E8}.Release|x64.Build.0 = Release|Any CPU
		{611BA799-FE4F-4119-A06C-BDAF150D24E8}.Release|x86.ActiveCfg = Release|Any CPU
		{611BA799-FE4F-4119-A06C-BDAF150D24E8}.Release|x86.Build.0 = Release|Any CPU
		{6A46B9F4-AA2C-4E90-B412-BE4C2D3DA287}.Debug|Any CPU.ActiveCfg = Debug|Any CPU
		{6A46B9F4-AA2C-4E90-B412-BE4C2D3DA287}.Debug|Any CPU.Build.0 = Debug|Any CPU
		{6A46B9F4-AA2C-4E90-B412-BE4C2D3DA287}.Debug|x64.ActiveCfg = Debug|Any CPU
		{6A46B9F4-AA2C-4E90-B412-BE4C2D3DA287}.Debug|x64.Build.0 = Debug|Any CPU
		{6A46B9F4-AA2C-4E90-B412-BE4C2D3DA287}.Debug|x86.ActiveCfg = Debug|Any CPU
		{6A46B9F4-AA2C-4E90-B412-BE4C2D3DA287}.Debug|x86.Build.0 = Debug|Any CPU
		{6A46B9F4-AA2C-4E90-B412-BE4C2D3DA287}.Release|Any CPU.ActiveCfg = Release|Any CPU
		{6A46B9F4-AA2C-4E90-B412-BE4C2D3DA287}.Release|Any CPU.Build.0 = Release|Any CPU
		{6A46B9F4-AA2C-4E90-B412-BE4C2D3DA287}.Release|x64.ActiveCfg = Release|Any CPU
		{6A46B9F4-AA2C-4E90-B412-BE4C2D3DA287}.Release|x64.Build.0 = Release|Any CPU
		{6A46B9F4-AA2C-4E90-B412-BE4C2D3DA287}.Release|x86.ActiveCfg = Release|Any CPU
		{6A46B9F4-AA2C-4E90-B412-BE4C2D3DA287}.Release|x86.Build.0 = Release|Any CPU
	EndGlobalSection
	GlobalSection(SolutionProperties) = preSolution
		HideSolutionNode = FALSE
	EndGlobalSection
	GlobalSection(ExtensibilityGlobals) = postSolution
		SolutionGuid = {147F84DD-A1EE-42C8-937C-32D3A1EB8546}
	EndGlobalSection
EndGlobal
